// !$*UTF8*$!
{
	archiveVersion = 1;
	classes = {
	};
	objectVersion = 77;
	objects = {

/* Begin PBXBuildFile section */
		EEAB87682CD61EA7006A23F9 /* Alamofire in Frameworks */ = {isa = PBXBuildFile; productRef = EEAB87672CD61EA7006A23F9 /* Alamofire */; };
		EEAB876B2CD61EB1006A23F9 /* SDWebImage in Frameworks */ = {isa = PBXBuildFile; productRef = EEAB876A2CD61EB1006A23F9 /* SDWebImage */; };
/* End PBXBuildFile section */

/* Begin PBXContainerItemProxy section */
		EEE3532B2CD5B91B00699146 /* PBXContainerItemProxy */ = {
			isa = PBXContainerItemProxy;
			containerPortal = EEE353092CD5B91900699146 /* Project object */;
			proxyType = 1;
			remoteGlobalIDString = EEE353102CD5B91900699146;
			remoteInfo = "Quipper Test";
		};
		EEE353352CD5B91B00699146 /* PBXContainerItemProxy */ = {
			isa = PBXContainerItemProxy;
			containerPortal = EEE353092CD5B91900699146 /* Project object */;
			proxyType = 1;
			remoteGlobalIDString = EEE353102CD5B91900699146;
			remoteInfo = "Quipper Test";
		};
/* End PBXContainerItemProxy section */

/* Begin PBXFileReference section */
		EEE353112CD5B91900699146 /* Quipper Test.app */ = {isa = PBXFileReference; explicitFileType = wrapper.application; includeInIndex = 0; path = "Quipper Test.app"; sourceTree = BUILT_PRODUCTS_DIR; };
		EEE3532A2CD5B91B00699146 /* Quipper TestTests.xctest */ = {isa = PBXFileReference; explicitFileType = wrapper.cfbundle; includeInIndex = 0; path = "Quipper TestTests.xctest"; sourceTree = BUILT_PRODUCTS_DIR; };
		EEE353342CD5B91B00699146 /* Quipper TestUITests.xctest */ = {isa = PBXFileReference; explicitFileType = wrapper.cfbundle; includeInIndex = 0; path = "Quipper TestUITests.xctest"; sourceTree = BUILT_PRODUCTS_DIR; };
/* End PBXFileReference section */

/* Begin PBXFileSystemSynchronizedBuildFileExceptionSet section */
		EEAB876E2CD61F7E006A23F9 /* Exceptions for "Quipper Test" folder in "Quipper Test" target */ = {
			isa = PBXFileSystemSynchronizedBuildFileExceptionSet;
			membershipExceptions = (
				Resources/Info.plist,
			);
			target = EEE353102CD5B91900699146 /* Quipper Test */;
		};
/* End PBXFileSystemSynchronizedBuildFileExceptionSet section */

/* Begin PBXFileSystemSynchronizedRootGroup section */
		EEE353132CD5B91900699146 /* Quipper Test */ = {
			isa = PBXFileSystemSynchronizedRootGroup;
			exceptions = (
				EEAB876E2CD61F7E006A23F9 /* Exceptions for "Quipper Test" folder in "Quipper Test" target */,
			);
			path = "Quipper Test";
			sourceTree = "<group>";
		};
		EEE3532D2CD5B91B00699146 /* Quipper TestTests */ = {
			isa = PBXFileSystemSynchronizedRootGroup;
			path = "Quipper TestTests";
			sourceTree = "<group>";
		};
		EEE353372CD5B91B00699146 /* Quipper TestUITests */ = {
			isa = PBXFileSystemSynchronizedRootGroup;
			path = "Quipper TestUITests";
			sourceTree = "<group>";
		};
/* End PBXFileSystemSynchronizedRootGroup section */

/* Begin PBXFrameworksBuildPhase section */
		EEE3530E2CD5B91900699146 /* Frameworks */ = {
			isa = PBXFrameworksBuildPhase;
			buildActionMask = 2147483647;
			files = (
				EEAB876B2CD61EB1006A23F9 /* SDWebImage in Frameworks */,
				EEAB87682CD61EA7006A23F9 /* Alamofire in Frameworks */,
			);
			runOnlyForDeploymentPostprocessing = 0;
		};
		EEE353272CD5B91B00699146 /* Frameworks */ = {
			isa = PBXFrameworksBuildPhase;
			buildActionMask = 2147483647;
			files = (
			);
			runOnlyForDeploymentPostprocessing = 0;
		};
		EEE353312CD5B91B00699146 /* Frameworks */ = {
			isa = PBXFrameworksBuildPhase;
			buildActionMask = 2147483647;
			files = (
			);
			runOnlyForDeploymentPostprocessing = 0;
		};
/* End PBXFrameworksBuildPhase section */

/* Begin PBXGroup section */
		EEE353082CD5B91900699146 = {
			isa = PBXGroup;
			children = (
				EEE353132CD5B91900699146 /* Quipper Test */,
				EEE3532D2CD5B91B00699146 /* Quipper TestTests */,
				EEE353372CD5B91B00699146 /* Quipper TestUITests */,
				EEE353122CD5B91900699146 /* Products */,
			);
			sourceTree = "<group>";
		};
		EEE353122CD5B91900699146 /* Products */ = {
			isa = PBXGroup;
			children = (
				EEE353112CD5B91900699146 /* Quipper Test.app */,
				EEE3532A2CD5B91B00699146 /* Quipper TestTests.xctest */,
				EEE353342CD5B91B00699146 /* Quipper TestUITests.xctest */,
			);
			name = Products;
			sourceTree = "<group>";
		};
/* End PBXGroup section */

/* Begin PBXNativeTarget section */
		EEE353102CD5B91900699146 /* Quipper Test */ = {
			isa = PBXNativeTarget;
			buildConfigurationList = EEE3533D2CD5B91B00699146 /* Build configuration list for PBXNativeTarget "Quipper Test" */;
			buildPhases = (
				EEE3530D2CD5B91900699146 /* Sources */,
				EEE3530E2CD5B91900699146 /* Frameworks */,
				EEE3530F2CD5B91900699146 /* Resources */,
			);
			buildRules = (
			);
			dependencies = (
			);
			fileSystemSynchronizedGroups = (
				EEE353132CD5B91900699146 /* Quipper Test */,
			);
			name = "Quipper Test";
			packageProductDependencies = (
				EEAB87672CD61EA7006A23F9 /* Alamofire */,
				EEAB876A2CD61EB1006A23F9 /* SDWebImage */,
			);
			productName = "Quipper Test";
			productReference = EEE353112CD5B91900699146 /* Quipper Test.app */;
			productType = "com.apple.product-type.application";
		};
		EEE353292CD5B91B00699146 /* Quipper TestTests */ = {
			isa = PBXNativeTarget;
			buildConfigurationList = EEE353422CD5B91B00699146 /* Build configuration list for PBXNativeTarget "Quipper TestTests" */;
			buildPhases = (
				EEE353262CD5B91B00699146 /* Sources */,
				EEE353272CD5B91B00699146 /* Frameworks */,
				EEE353282CD5B91B00699146 /* Resources */,
			);
			buildRules = (
			);
			dependencies = (
				EEE3532C2CD5B91B00699146 /* PBXTargetDependency */,
			);
			fileSystemSynchronizedGroups = (
				EEE3532D2CD5B91B00699146 /* Quipper TestTests */,
			);
			name = "Quipper TestTests";
			packageProductDependencies = (
			);
			productName = "Quipper TestTests";
			productReference = EEE3532A2CD5B91B00699146 /* Quipper TestTests.xctest */;
			productType = "com.apple.product-type.bundle.unit-test";
		};
		EEE353332CD5B91B00699146 /* Quipper TestUITests */ = {
			isa = PBXNativeTarget;
			buildConfigurationList = EEE353452CD5B91B00699146 /* Build configuration list for PBXNativeTarget "Quipper TestUITests" */;
			buildPhases = (
				EEE353302CD5B91B00699146 /* Sources */,
				EEE353312CD5B91B00699146 /* Frameworks */,
				EEE353322CD5B91B00699146 /* Resources */,
			);
			buildRules = (
			);
			dependencies = (
				EEE353362CD5B91B00699146 /* PBXTargetDependency */,
			);
			fileSystemSynchronizedGroups = (
				EEE353372CD5B91B00699146 /* Quipper TestUITests */,
			);
			name = "Quipper TestUITests";
			packageProductDependencies = (
			);
			productName = "Quipper TestUITests";
			productReference = EEE353342CD5B91B00699146 /* Quipper TestUITests.xctest */;
			productType = "com.apple.product-type.bundle.ui-testing";
		};
/* End PBXNativeTarget section */

/* Begin PBXProject section */
		EEE353092CD5B91900699146 /* Project object */ = {
			isa = PBXProject;
			attributes = {
				BuildIndependentTargetsInParallel = 1;
				LastSwiftUpdateCheck = 1610;
				LastUpgradeCheck = 1610;
				TargetAttributes = {
					EEE353102CD5B91900699146 = {
						CreatedOnToolsVersion = 16.1;
					};
					EEE353292CD5B91B00699146 = {
						CreatedOnToolsVersion = 16.1;
						TestTargetID = EEE353102CD5B91900699146;
					};
					EEE353332CD5B91B00699146 = {
						CreatedOnToolsVersion = 16.1;
						TestTargetID = EEE353102CD5B91900699146;
					};
				};
			};
			buildConfigurationList = EEE3530C2CD5B91900699146 /* Build configuration list for PBXProject "Quipper Test" */;
			developmentRegion = en;
			hasScannedForEncodings = 0;
			knownRegions = (
				en,
				Base,
			);
			mainGroup = EEE353082CD5B91900699146;
			minimizedProjectReferenceProxies = 1;
			packageReferences = (
				EEAB87662CD61EA7006A23F9 /* XCRemoteSwiftPackageReference "Alamofire" */,
				EEAB87692CD61EB1006A23F9 /* XCRemoteSwiftPackageReference "SDWebImage" */,
			);
			preferredProjectObjectVersion = 77;
			productRefGroup = EEE353122CD5B91900699146 /* Products */;
			projectDirPath = "";
			projectRoot = "";
			targets = (
				EEE353102CD5B91900699146 /* Quipper Test */,
				EEE353292CD5B91B00699146 /* Quipper TestTests */,
				EEE353332CD5B91B00699146 /* Quipper TestUITests */,
			);
		};
/* End PBXProject section */

/* Begin PBXResourcesBuildPhase section */
		EEE3530F2CD5B91900699146 /* Resources */ = {
			isa = PBXResourcesBuildPhase;
			buildActionMask = 2147483647;
			files = (
			);
			runOnlyForDeploymentPostprocessing = 0;
		};
		EEE353282CD5B91B00699146 /* Resources */ = {
			isa = PBXResourcesBuildPhase;
			buildActionMask = 2147483647;
			files = (
			);
			runOnlyForDeploymentPostprocessing = 0;
		};
		EEE353322CD5B91B00699146 /* Resources */ = {
			isa = PBXResourcesBuildPhase;
			buildActionMask = 2147483647;
			files = (
			);
			runOnlyForDeploymentPostprocessing = 0;
		};
/* End PBXResourcesBuildPhase section */

/* Begin PBXSourcesBuildPhase section */
		EEE3530D2CD5B91900699146 /* Sources */ = {
			isa = PBXSourcesBuildPhase;
			buildActionMask = 2147483647;
			files = (
			);
			runOnlyForDeploymentPostprocessing = 0;
		};
		EEE353262CD5B91B00699146 /* Sources */ = {
			isa = PBXSourcesBuildPhase;
			buildActionMask = 2147483647;
			files = (
			);
			runOnlyForDeploymentPostprocessing = 0;
		};
		EEE353302CD5B91B00699146 /* Sources */ = {
			isa = PBXSourcesBuildPhase;
			buildActionMask = 2147483647;
			files = (
			);
			runOnlyForDeploymentPostprocessing = 0;
		};
/* End PBXSourcesBuildPhase section */

/* Begin PBXTargetDependency section */
		EEE3532C2CD5B91B00699146 /* PBXTargetDependency */ = {
			isa = PBXTargetDependency;
			target = EEE353102CD5B91900699146 /* Quipper Test */;
			targetProxy = EEE3532B2CD5B91B00699146 /* PBXContainerItemProxy */;
		};
		EEE353362CD5B91B00699146 /* PBXTargetDependency */ = {
			isa = PBXTargetDependency;
			target = EEE353102CD5B91900699146 /* Quipper Test */;
			targetProxy = EEE353352CD5B91B00699146 /* PBXContainerItemProxy */;
		};
/* End PBXTargetDependency section */

/* Begin XCBuildConfiguration section */
		EEE3533E2CD5B91B00699146 /* Debug */ = {
			isa = XCBuildConfiguration;
			buildSettings = {
				ASSETCATALOG_COMPILER_APPICON_NAME = AppIcon;
				ASSETCATALOG_COMPILER_GLOBAL_ACCENT_COLOR_NAME = AccentColor;
				CODE_SIGN_STYLE = Manual;
				CURRENT_PROJECT_VERSION = 1;
				DEVELOPMENT_TEAM = "";
				GENERATE_INFOPLIST_FILE = YES;
				INFOPLIST_FILE = "Quipper Test/Resources/Info.plist";
				INFOPLIST_KEY_UIApplicationSupportsIndirectInputEvents = YES;
				INFOPLIST_KEY_UILaunchStoryboardName = LaunchScreen;
				INFOPLIST_KEY_UIMainStoryboardFile = Main;
				INFOPLIST_KEY_UISupportedInterfaceOrientations = UIInterfaceOrientationPortrait;
				IPHONEOS_DEPLOYMENT_TARGET = 15.6;
				LD_RUNPATH_SEARCH_PATHS = (
					"$(inherited)",
					"@executable_path/Frameworks",
				);
				MARKETING_VERSION = 1.0;
				PRODUCT_BUNDLE_IDENTIFIER = "com.irfan.quipper-test";
				PRODUCT_NAME = "$(TARGET_NAME)";
				PROVISIONING_PROFILE_SPECIFIER = "";
				SWIFT_EMIT_LOC_STRINGS = YES;
				SWIFT_VERSION = 5.0;
				TARGETED_DEVICE_FAMILY = "1,2";
			};
			name = Debug;
		};
		EEE3533F2CD5B91B00699146 /* Release */ = {
			isa = XCBuildConfiguration;
			buildSettings = {
				ASSETCATALOG_COMPILER_APPICON_NAME = AppIcon;
				ASSETCATALOG_COMPILER_GLOBAL_ACCENT_COLOR_NAME = AccentColor;
				CODE_SIGN_STYLE = Manual;
				CURRENT_PROJECT_VERSION = 1;
				DEVELOPMENT_TEAM = "";
				GENERATE_INFOPLIST_FILE = YES;
				INFOPLIST_FILE = "Quipper Test/Resources/Info.plist";
				INFOPLIST_KEY_UIApplicationSupportsIndirectInputEvents = YES;
				INFOPLIST_KEY_UILaunchStoryboardName = LaunchScreen;
				INFOPLIST_KEY_UIMainStoryboardFile = Main;
				INFOPLIST_KEY_UISupportedInterfaceOrientations = UIInterfaceOrientationPortrait;
				IPHONEOS_DEPLOYMENT_TARGET = 15.6;
				LD_RUNPATH_SEARCH_PATHS = (
					"$(inherited)",
					"@executable_path/Frameworks",
				);
				MARKETING_VERSION = 1.0;
				PRODUCT_BUNDLE_IDENTIFIER = "com.irfan.quipper-test";
				PRODUCT_NAME = "$(TARGET_NAME)";
				PROVISIONING_PROFILE_SPECIFIER = "";
				SWIFT_EMIT_LOC_STRINGS = YES;
				SWIFT_VERSION = 5.0;
				TARGETED_DEVICE_FAMILY = "1,2";
			};
			name = Release;
		};
		EEE353402CD5B91B00699146 /* Debug */ = {
			isa = XCBuildConfiguration;
			buildSettings = {
				ALWAYS_SEARCH_USER_PATHS = NO;
				ASSETCATALOG_COMPILER_GENERATE_SWIFT_ASSET_SYMBOL_EXTENSIONS = YES;
				CLANG_ANALYZER_NONNULL = YES;
				CLANG_ANALYZER_NUMBER_OBJECT_CONVERSION = YES_AGGRESSIVE;
				CLANG_CXX_LANGUAGE_STANDARD = "gnu++20";
				CLANG_ENABLE_MODULES = YES;
				CLANG_ENABLE_OBJC_ARC = YES;
				CLANG_ENABLE_OBJC_WEAK = YES;
				CLANG_WARN_BLOCK_CAPTURE_AUTORELEASING = YES;
				CLANG_WARN_BOOL_CONVERSION = YES;
				CLANG_WARN_COMMA = YES;
				CLANG_WARN_CONSTANT_CONVERSION = YES;
				CLANG_WARN_DEPRECATED_OBJC_IMPLEMENTATIONS = YES;
				CLANG_WARN_DIRECT_OBJC_ISA_USAGE = YES_ERROR;
				CLANG_WARN_DOCUMENTATION_COMMENTS = YES;
				CLANG_WARN_EMPTY_BODY = YES;
				CLANG_WARN_ENUM_CONVERSION = YES;
				CLANG_WARN_INFINITE_RECURSION = YES;
				CLANG_WARN_INT_CONVERSION = YES;
				CLANG_WARN_NON_LITERAL_NULL_CONVERSION = YES;
				CLANG_WARN_OBJC_IMPLICIT_RETAIN_SELF = YES;
				CLANG_WARN_OBJC_LITERAL_CONVERSION = YES;
				CLANG_WARN_OBJC_ROOT_CLASS = YES_ERROR;
				CLANG_WARN_QUOTED_INCLUDE_IN_FRAMEWORK_HEADER = YES;
				CLANG_WARN_RANGE_LOOP_ANALYSIS = YES;
				CLANG_WARN_STRICT_PROTOTYPES = YES;
				CLANG_WARN_SUSPICIOUS_MOVE = YES;
				CLANG_WARN_UNGUARDED_AVAILABILITY = YES_AGGRESSIVE;
				CLANG_WARN_UNREACHABLE_CODE = YES;
				CLANG_WARN__DUPLICATE_METHOD_MATCH = YES;
				COPY_PHASE_STRIP = NO;
				DEBUG_INFORMATION_FORMAT = dwarf;
				ENABLE_STRICT_OBJC_MSGSEND = YES;
				ENABLE_TESTABILITY = YES;
				ENABLE_USER_SCRIPT_SANDBOXING = YES;
				GCC_C_LANGUAGE_STANDARD = gnu17;
				GCC_DYNAMIC_NO_PIC = NO;
				GCC_NO_COMMON_BLOCKS = YES;
				GCC_OPTIMIZATION_LEVEL = 0;
				GCC_PREPROCESSOR_DEFINITIONS = (
					"DEBUG=1",
					"$(inherited)",
				);
				GCC_WARN_64_TO_32_BIT_CONVERSION = YES;
				GCC_WARN_ABOUT_RETURN_TYPE = YES_ERROR;
				GCC_WARN_UNDECLARED_SELECTOR = YES;
				GCC_WARN_UNINITIALIZED_AUTOS = YES_AGGRESSIVE;
				GCC_WARN_UNUSED_FUNCTION = YES;
				GCC_WARN_UNUSED_VARIABLE = YES;
				IPHONEOS_DEPLOYMENT_TARGET = 18.1;
				LOCALIZATION_PREFERS_STRING_CATALOGS = YES;
				MTL_ENABLE_DEBUG_INFO = INCLUDE_SOURCE;
				MTL_FAST_MATH = YES;
				ONLY_ACTIVE_ARCH = YES;
				SDKROOT = iphoneos;
				SWIFT_ACTIVE_COMPILATION_CONDITIONS = "DEBUG $(inherited)";
				SWIFT_OPTIMIZATION_LEVEL = "-Onone";
			};
			name = Debug;
		};
		EEE353412CD5B91B00699146 /* Release */ = {
			isa = XCBuildConfiguration;
			buildSettings = {
				ALWAYS_SEARCH_USER_PATHS = NO;
				ASSETCATALOG_COMPILER_GENERATE_SWIFT_ASSET_SYMBOL_EXTENSIONS = YES;
				CLANG_ANALYZER_NONNULL = YES;
				CLANG_ANALYZER_NUMBER_OBJECT_CONVERSION = YES_AGGRESSIVE;
				CLANG_CXX_LANGUAGE_STANDARD = "gnu++20";
				CLANG_ENABLE_MODULES = YES;
				CLANG_ENABLE_OBJC_ARC = YES;
				CLANG_ENABLE_OBJC_WEAK = YES;
				CLANG_WARN_BLOCK_CAPTURE_AUTORELEASING = YES;
				CLANG_WARN_BOOL_CONVERSION = YES;
				CLANG_WARN_COMMA = YES;
				CLANG_WARN_CONSTANT_CONVERSION = YES;
				CLANG_WARN_DEPRECATED_OBJC_IMPLEMENTATIONS = YES;
				CLANG_WARN_DIRECT_OBJC_ISA_USAGE = YES_ERROR;
				CLANG_WARN_DOCUMENTATION_COMMENTS = YES;
				CLANG_WARN_EMPTY_BODY = YES;
				CLANG_WARN_ENUM_CONVERSION = YES;
				CLANG_WARN_INFINITE_RECURSION = YES;
				CLANG_WARN_INT_CONVERSION = YES;
				CLANG_WARN_NON_LITERAL_NULL_CONVERSION = YES;
				CLANG_WARN_OBJC_IMPLICIT_RETAIN_SELF = YES;
				CLANG_WARN_OBJC_LITERAL_CONVERSION = YES;
				CLANG_WARN_OBJC_ROOT_CLASS = YES_ERROR;
				CLANG_WARN_QUOTED_INCLUDE_IN_FRAMEWORK_HEADER = YES;
				CLANG_WARN_RANGE_LOOP_ANALYSIS = YES;
				CLANG_WARN_STRICT_PROTOTYPES = YES;
				CLANG_WARN_SUSPICIOUS_MOVE = YES;
				CLANG_WARN_UNGUARDED_AVAILABILITY = YES_AGGRESSIVE;
				CLANG_WARN_UNREACHABLE_CODE = YES;
				CLANG_WARN__DUPLICATE_METHOD_MATCH = YES;
				COPY_PHASE_STRIP = NO;
				DEBUG_INFORMATION_FORMAT = "dwarf-with-dsym";
				ENABLE_NS_ASSERTIONS = NO;
				ENABLE_STRICT_OBJC_MSGSEND = YES;
				ENABLE_USER_SCRIPT_SANDBOXING = YES;
				GCC_C_LANGUAGE_STANDARD = gnu17;
				GCC_NO_COMMON_BLOCKS = YES;
				GCC_WARN_64_TO_32_BIT_CONVERSION = YES;
				GCC_WARN_ABOUT_RETURN_TYPE = YES_ERROR;
				GCC_WARN_UNDECLARED_SELECTOR = YES;
				GCC_WARN_UNINITIALIZED_AUTOS = YES_AGGRESSIVE;
				GCC_WARN_UNUSED_FUNCTION = YES;
				GCC_WARN_UNUSED_VARIABLE = YES;
				IPHONEOS_DEPLOYMENT_TARGET = 18.1;
				LOCALIZATION_PREFERS_STRING_CATALOGS = YES;
				MTL_ENABLE_DEBUG_INFO = NO;
				MTL_FAST_MATH = YES;
				SDKROOT = iphoneos;
				SWIFT_COMPILATION_MODE = wholemodule;
				VALIDATE_PRODUCT = YES;
			};
			name = Release;
		};
		EEE353432CD5B91B00699146 /* Debug */ = {
			isa = XCBuildConfiguration;
			buildSettings = {
				BUNDLE_LOADER = "$(TEST_HOST)";
				CODE_SIGN_STYLE = Automatic;
				CURRENT_PROJECT_VERSION = 1;
				GENERATE_INFOPLIST_FILE = YES;
				IPHONEOS_DEPLOYMENT_TARGET = 18.1;
				MARKETING_VERSION = 1.0;
				PRODUCT_BUNDLE_IDENTIFIER = "com.irfan.Quipper-TestTests";
				PRODUCT_NAME = "$(TARGET_NAME)";
				SWIFT_EMIT_LOC_STRINGS = NO;
				SWIFT_VERSION = 5.0;
				TARGETED_DEVICE_FAMILY = "1,2";
				TEST_HOST = "$(BUILT_PRODUCTS_DIR)/Quipper Test.app/$(BUNDLE_EXECUTABLE_FOLDER_PATH)/Quipper Test";
			};
			name = Debug;
		};
		EEE353442CD5B91B00699146 /* Release */ = {
			isa = XCBuildConfiguration;
			buildSettings = {
				BUNDLE_LOADER = "$(TEST_HOST)";
				CODE_SIGN_STYLE = Automatic;
				CURRENT_PROJECT_VERSION = 1;
				GENERATE_INFOPLIST_FILE = YES;
				IPHONEOS_DEPLOYMENT_TARGET = 18.1;
				MARKETING_VERSION = 1.0;
				PRODUCT_BUNDLE_IDENTIFIER = "com.irfan.Quipper-TestTests";
				PRODUCT_NAME = "$(TARGET_NAME)";
				SWIFT_EMIT_LOC_STRINGS = NO;
				SWIFT_VERSION = 5.0;
				TARGETED_DEVICE_FAMILY = "1,2";
				TEST_HOST = "$(BUILT_PRODUCTS_DIR)/Quipper Test.app/$(BUNDLE_EXECUTABLE_FOLDER_PATH)/Quipper Test";
			};
			name = Release;
		};
		EEE353462CD5B91B00699146 /* Debug */ = {
			isa = XCBuildConfiguration;
			buildSettings = {
				CODE_SIGN_STYLE = Automatic;
				CURRENT_PROJECT_VERSION = 1;
				GENERATE_INFOPLIST_FILE = YES;
				MARKETING_VERSION = 1.0;
				PRODUCT_BUNDLE_IDENTIFIER = "com.irfan.Quipper-TestUITests";
				PRODUCT_NAME = "$(TARGET_NAME)";
				SWIFT_EMIT_LOC_STRINGS = NO;
				SWIFT_VERSION = 5.0;
				TARGETED_DEVICE_FAMILY = "1,2";
				TEST_TARGET_NAME = "Quipper Test";
			};
			name = Debug;
		};
		EEE353472CD5B91B00699146 /* Release */ = {
			isa = XCBuildConfiguration;
			buildSettings = {
				CODE_SIGN_STYLE = Automatic;
				CURRENT_PROJECT_VERSION = 1;
				GENERATE_INFOPLIST_FILE = YES;
				MARKETING_VERSION = 1.0;
				PRODUCT_BUNDLE_IDENTIFIER = "com.irfan.Quipper-TestUITests";
				PRODUCT_NAME = "$(TARGET_NAME)";
				SWIFT_EMIT_LOC_STRINGS = NO;
				SWIFT_VERSION = 5.0;
				TARGETED_DEVICE_FAMILY = "1,2";
				TEST_TARGET_NAME = "Quipper Test";
			};
			name = Release;
		};
/* End XCBuildConfiguration section */

/* Begin XCConfigurationList section */
		EEE3530C2CD5B91900699146 /* Build configuration list for PBXProject "Quipper Test" */ = {
			isa = XCConfigurationList;
			buildConfigurations = (
				EEE353402CD5B91B00699146 /* Debug */,
				EEE353412CD5B91B00699146 /* Release */,
			);
			defaultConfigurationIsVisible = 0;
			defaultConfigurationName = Release;
		};
		EEE3533D2CD5B91B00699146 /* Build configuration list for PBXNativeTarget "Quipper Test" */ = {
			isa = XCConfigurationList;
			buildConfigurations = (
				EEE3533E2CD5B91B00699146 /* Debug */,
				EEE3533F2CD5B91B00699146 /* Release */,
			);
			defaultConfigurationIsVisible = 0;
			defaultConfigurationName = Release;
		};
		EEE353422CD5B91B00699146 /* Build configuration list for PBXNativeTarget "Quipper TestTests" */ = {
			isa = XCConfigurationList;
			buildConfigurations = (
				EEE353432CD5B91B00699146 /* Debug */,
				EEE353442CD5B91B00699146 /* Release */,
			);
			defaultConfigurationIsVisible = 0;
			defaultConfigurationName = Release;
		};
		EEE353452CD5B91B00699146 /* Build configuration list for PBXNativeTarget "Quipper TestUITests" */ = {
			isa = XCConfigurationList;
			buildConfigurations = (
				EEE353462CD5B91B00699146 /* Debug */,
				EEE353472CD5B91B00699146 /* Release */,
			);
			defaultConfigurationIsVisible = 0;
			defaultConfigurationName = Release;
		};
/* End XCConfigurationList section */

/* Begin XCRemoteSwiftPackageReference section */
		EEAB87662CD61EA7006A23F9 /* XCRemoteSwiftPackageReference "Alamofire" */ = {
			isa = XCRemoteSwiftPackageReference;
			repositoryURL = "https://github.com/Alamofire/Alamofire";
			requirement = {
				kind = upToNextMajorVersion;
				minimumVersion = 5.10.1;
			};
		};
		EEAB87692CD61EB1006A23F9 /* XCRemoteSwiftPackageReference "SDWebImage" */ = {
			isa = XCRemoteSwiftPackageReference;
			repositoryURL = "https://github.com/SDWebImage/SDWebImage";
			requirement = {
				kind = upToNextMajorVersion;
				minimumVersion = 5.20.0;
			};
		};
/* End XCRemoteSwiftPackageReference section */

/* Begin XCSwiftPackageProductDependency section */
		EEAB87672CD61EA7006A23F9 /* Alamofire */ = {
			isa = XCSwiftPackageProductDependency;
			package = EEAB87662CD61EA7006A23F9 /* XCRemoteSwiftPackageReference "Alamofire" */;
			productName = Alamofire;
		};
		EEAB876A2CD61EB1006A23F9 /* SDWebImage */ = {
			isa = XCSwiftPackageProductDependency;
			package = EEAB87692CD61EB1006A23F9 /* XCRemoteSwiftPackageReference "SDWebImage" */;
			productName = SDWebImage;
		};
/* End XCSwiftPackageProductDependency section */
	};
	rootObject = EEE353092CD5B91900699146 /* Project object */;
}
